github.com/0mjs/zinc v0.0.85 h1:SIbBKYXL4cUaZtqGFOkLxhPTBdf7JK1dWRYxULmjeYA=
github.com/0mjs/zinc v0.0.85/go.mod h1:ypADobf4X6mIxucD1vcOCKRE38aCZUqDRhzvFjCjFRs=
github.com/gomarkdown/markdown v0.0.0-20231222211730-1d6d20845b47 h1:k4Tw0nt6lwro3Uin8eqoET7MDA4JnT8YgbCjc/g5E3k=
github.com/gomarkdown/markdown v0.0.0-20231222211730-1d6d20845b47/go.mod h1:JDGcbDT52eL4fju3sZ4TeHGsQwhG9nbDV21aMyhwPoA=
github.com/gomarkdown/markdown v0.0.0-20240729212818-a2a9c4f76ef5 h1:8QWUW69MXlNdZXnDnD9vEQ1BL8/mm1FTiSesKKHYivk=
github.com/gomarkdown/markdown v0.0.0-20240729212818-a2a9c4f76ef5/go.mod h1:JDGcbDT52eL4fju3sZ4TeHGsQwhG9nbDV21aMyhwPoA=
golang.org/x/net v0.51.0 h1:94R/GTO7mt3/4wIKpcR5gkGmRLOuE/2hNGeWq/GBIFo=
golang.org/x/net v0.51.0/go.mod h1:aamm+2QF5ogm02fjy5Bb7CQ0WMt1/WVM7FtyaTLlA9Y=
